
Microsoft Visual Studio Solution File, Format Version 12.00
# Visual Studio Version 16
VisualStudioVersion = 16.0.30523.141
MinimumVisualStudioVersion = 10.0.40219.1
Project("{8BC9CEB8-8B4A-11D0-8D11-00A0C91BC942}") = "IntroductionCPP_Cercles", "IntroductionCPP_Cercles.vcxproj", "{A81DD882-D701-476E-8872-9DBEA4DD2F47}"
EndProject
Global
	GlobalSection(SolutionConfigurationPlatforms) = preSolution
		Debug|x64 = Debug|x64
		Debug|x86 = Debug|x86
		Release|x64 = Release|x64
		Release|x86 = Release|x86
	EndGlobalSection
	GlobalSection(ProjectConfigurationPlatforms) = postSolution
		{A81DD882-D701-476E-8872-9DBEA4DD2F47}.Debug|x64.ActiveCfg = Debug|x64
		{A81DD882-D701-476E-8872-9DBEA4DD2F47}.Debug|x64.Build.0 = Debug|x64
		{A81DD882-D701-476E-8872-9DBEA4DD2F47}.Debug|x86.ActiveCfg = Debug|Win32
		{A81DD882-D701-476E-8872-9DBEA4DD2F47}.Debug|x86.Build.0 = Debug|Win32
		{A81DD882-D701-476E-8872-9DBEA4DD2F47}.Release|x64.ActiveCfg = Release|x64
		{A81DD882-D701-476E-8872-9DBEA4DD2F47}.Release|x64.Build.0 = Release|x64
		{A81DD882-D701-476E-8872-9DBEA4DD2F47}.Release|x86.ActiveCfg = Release|Win32
		{A81DD882-D701-476E-8872-9DBEA4DD2F47}.Release|x86.Build.0 = Release|Win32
	EndGlobalSection
	GlobalSection(SolutionProperties) = preSolution
		HideSolutionNode = FALSE
	EndGlobalSection
	GlobalSection(ExtensibilityGlobals) = postSolution
		SolutionGuid = {ED34CA1C-BB18-4ECD-A7BF-CFB12A03DD9F}
	EndGlobalSection
EndGlobal
